
Microsoft Visual Studio Solution File, Format Version 12.00
# Visual Studio Version 16
VisualStudioVersion = 16.0.29613.14
MinimumVisualStudioVersion = 10.0.40219.1
Project("{FAE04EC0-301F-11D3-BF4B-00C04F79EFBC}") = "CassieCustard.Cassandra.Core", "CassieCustard.Cassandra.Core\CassieCustard.Cassandra.Core.csproj", "{196E5649-8AB6-4F62-A552-92649E2A0AE6}"
EndProject
Project("{FAE04EC0-301F-11D3-BF4B-00C04F79EFBC}") = "CassieCustard.Template.DataAccess", "Cassandra.Template.DataAccess\CassieCustard.Template.DataAccess.csproj", "{567863EE-78BF-40DC-8264-4101E88A9669}"
EndProject
Project("{FAE04EC0-301F-11D3-BF4B-00C04F79EFBC}") = "CassieCustard.Builder", "CassieCustard.Builder\CassieCustard.Builder.csproj", "{C6F27215-1DF1-4EFD-9849-8370681F8B42}"
EndProject
Global
	GlobalSection(SolutionConfigurationPlatforms) = preSolution
		Debug|Any CPU = Debug|Any CPU
		Release|Any CPU = Release|Any CPU
	EndGlobalSection
	GlobalSection(ProjectConfigurationPlatforms) = postSolution
		{196E5649-8AB6-4F62-A552-92649E2A0AE6}.Debug|Any CPU.ActiveCfg = Debug|Any CPU
		{196E5649-8AB6-4F62-A552-92649E2A0AE6}.Debug|Any CPU.Build.0 = Debug|Any CPU
		{196E5649-8AB6-4F62-A552-92649E2A0AE6}.Release|Any CPU.ActiveCfg = Release|Any CPU
		{196E5649-8AB6-4F62-A552-92649E2A0AE6}.Release|Any CPU.Build.0 = Release|Any CPU
		{567863EE-78BF-40DC-8264-4101E88A9669}.Debug|Any CPU.ActiveCfg = Debug|Any CPU
		{567863EE-78BF-40DC-8264-4101E88A9669}.Debug|Any CPU.Build.0 = Debug|Any CPU
		{567863EE-78BF-40DC-8264-4101E88A9669}.Release|Any CPU.ActiveCfg = Release|Any CPU
		{567863EE-78BF-40DC-8264-4101E88A9669}.Release|Any CPU.Build.0 = Release|Any CPU
		{C6F27215-1DF1-4EFD-9849-8370681F8B42}.Debug|Any CPU.ActiveCfg = Debug|Any CPU
		{C6F27215-1DF1-4EFD-9849-8370681F8B42}.Debug|Any CPU.Build.0 = Debug|Any CPU
		{C6F27215-1DF1-4EFD-9849-8370681F8B42}.Release|Any CPU.ActiveCfg = Release|Any CPU
		{C6F27215-1DF1-4EFD-9849-8370681F8B42}.Release|Any CPU.Build.0 = Release|Any CPU
	EndGlobalSection
	GlobalSection(SolutionProperties) = preSolution
		HideSolutionNode = FALSE
	EndGlobalSection
	GlobalSection(ExtensibilityGlobals) = postSolution
		SolutionGuid = {A9D88F51-941C-48F4-9A99-1F5B240B5523}
	EndGlobalSection
EndGlobal
